// !$*UTF8*$!
{
	archiveVersion = 1;
	classes = {
	};
	objectVersion = 51;
	objects = {

/* Begin PBXBuildFile section */
		C703FED526EF95D8003F5F98 /* FullPhotoView.swift in Sources */ = {isa = PBXBuildFile; fileRef = C703FED426EF95D8003F5F98 /* FullPhotoView.swift */; };
		C703FEE226FCCDF7003F5F98 /* JSON in Resources */ = {isa = PBXBuildFile; fileRef = C703FEE126FCCDF7003F5F98 /* JSON */; };
		C726A50B26E9FF990062D42A /* AppDelegate.swift in Sources */ = {isa = PBXBuildFile; fileRef = C726A50A26E9FF990062D42A /* AppDelegate.swift */; };
		C726A50D26E9FF990062D42A /* SceneDelegate.swift in Sources */ = {isa = PBXBuildFile; fileRef = C726A50C26E9FF990062D42A /* SceneDelegate.swift */; };
		C726A50F26E9FF990062D42A /* CollectionViewController.swift in Sources */ = {isa = PBXBuildFile; fileRef = C726A50E26E9FF990062D42A /* CollectionViewController.swift */; };
		C726A51226E9FF990062D42A /* Main.storyboard in Resources */ = {isa = PBXBuildFile; fileRef = C726A51026E9FF990062D42A /* Main.storyboard */; };
		C726A51426E9FFA30062D42A /* Assets.xcassets in Resources */ = {isa = PBXBuildFile; fileRef = C726A51326E9FFA30062D42A /* Assets.xcassets */; };
		C726A51726E9FFA30062D42A /* LaunchScreen.storyboard in Resources */ = {isa = PBXBuildFile; fileRef = C726A51526E9FFA30062D42A /* LaunchScreen.storyboard */; };
		C726A52526EA04410062D42A /* NetworkService.swift in Sources */ = {isa = PBXBuildFile; fileRef = C726A52426EA04410062D42A /* NetworkService.swift */; };
		C726A52926EA04950062D42A /* Model.swift in Sources */ = {isa = PBXBuildFile; fileRef = C726A52826EA04950062D42A /* Model.swift */; };
		C726A52B26EA06410062D42A /* PhotoCollectionCell.swift in Sources */ = {isa = PBXBuildFile; fileRef = C726A52A26EA06410062D42A /* PhotoCollectionCell.swift */; };
		C79BE74526FD9CEB0054257C /* SearchPhotoTableViewController.swift in Sources */ = {isa = PBXBuildFile; fileRef = C79BE74426FD9CEB0054257C /* SearchPhotoTableViewController.swift */; };
		C79BE74926FF55560054257C /* SearchPhotoViewCell.swift in Sources */ = {isa = PBXBuildFile; fileRef = C79BE74826FF55560054257C /* SearchPhotoViewCell.swift */; };
		FF06F7AD4BF616FBBF2C3B78 /* Pods_PhotoUran.framework in Frameworks */ = {isa = PBXBuildFile; fileRef = 9BAF31DE9BDFFA59088DF88B /* Pods_PhotoUran.framework */; };
/* End PBXBuildFile section */

/* Begin PBXFileReference section */
		9BAF31DE9BDFFA59088DF88B /* Pods_PhotoUran.framework */ = {isa = PBXFileReference; explicitFileType = wrapper.framework; includeInIndex = 0; path = Pods_PhotoUran.framework; sourceTree = BUILT_PRODUCTS_DIR; };
		A0537F9E931D868AB359BD94 /* Pods-PhotoUran.debug.xcconfig */ = {isa = PBXFileReference; includeInIndex = 1; lastKnownFileType = text.xcconfig; name = "Pods-PhotoUran.debug.xcconfig"; path = "Target Support Files/Pods-PhotoUran/Pods-PhotoUran.debug.xcconfig"; sourceTree = "<group>"; };
		C703FED426EF95D8003F5F98 /* FullPhotoView.swift */ = {isa = PBXFileReference; lastKnownFileType = sourcecode.swift; path = FullPhotoView.swift; sourceTree = "<group>"; };
		C703FEE126FCCDF7003F5F98 /* JSON */ = {isa = PBXFileReference; lastKnownFileType = text; path = JSON; sourceTree = "<group>"; };
		C726A50726E9FF990062D42A /* PhotoUran.app */ = {isa = PBXFileReference; explicitFileType = wrapper.application; includeInIndex = 0; path = PhotoUran.app; sourceTree = BUILT_PRODUCTS_DIR; };
		C726A50A26E9FF990062D42A /* AppDelegate.swift */ = {isa = PBXFileReference; lastKnownFileType = sourcecode.swift; path = AppDelegate.swift; sourceTree = "<group>"; };
		C726A50C26E9FF990062D42A /* SceneDelegate.swift */ = {isa = PBXFileReference; lastKnownFileType = sourcecode.swift; path = SceneDelegate.swift; sourceTree = "<group>"; };
		C726A50E26E9FF990062D42A /* CollectionViewController.swift */ = {isa = PBXFileReference; lastKnownFileType = sourcecode.swift; path = CollectionViewController.swift; sourceTree = "<group>"; };
		C726A51126E9FF990062D42A /* Base */ = {isa = PBXFileReference; lastKnownFileType = file.storyboard; name = Base; path = Base.lproj/Main.storyboard; sourceTree = "<group>"; };
		C726A51326E9FFA30062D42A /* Assets.xcassets */ = {isa = PBXFileReference; lastKnownFileType = folder.assetcatalog; path = Assets.xcassets; sourceTree = "<group>"; };
		C726A51626E9FFA30062D42A /* Base */ = {isa = PBXFileReference; lastKnownFileType = file.storyboard; name = Base; path = Base.lproj/LaunchScreen.storyboard; sourceTree = "<group>"; };
		C726A51826E9FFA30062D42A /* Info.plist */ = {isa = PBXFileReference; lastKnownFileType = text.plist.xml; path = Info.plist; sourceTree = "<group>"; };
		C726A52426EA04410062D42A /* NetworkService.swift */ = {isa = PBXFileReference; lastKnownFileType = sourcecode.swift; path = NetworkService.swift; sourceTree = "<group>"; };
		C726A52826EA04950062D42A /* Model.swift */ = {isa = PBXFileReference; lastKnownFileType = sourcecode.swift; path = Model.swift; sourceTree = "<group>"; };
		C726A52A26EA06410062D42A /* PhotoCollectionCell.swift */ = {isa = PBXFileReference; lastKnownFileType = sourcecode.swift; path = PhotoCollectionCell.swift; sourceTree = "<group>"; };
		C79BE74426FD9CEB0054257C /* SearchPhotoTableViewController.swift */ = {isa = PBXFileReference; lastKnownFileType = sourcecode.swift; path = SearchPhotoTableViewController.swift; sourceTree = "<group>"; };
		C79BE74826FF55560054257C /* SearchPhotoViewCell.swift */ = {isa = PBXFileReference; lastKnownFileType = sourcecode.swift; path = SearchPhotoViewCell.swift; sourceTree = "<group>"; };
		D2D08244A28F053101FADA73 /* Pods-PhotoUran.release.xcconfig */ = {isa = PBXFileReference; includeInIndex = 1; lastKnownFileType = text.xcconfig; name = "Pods-PhotoUran.release.xcconfig"; path = "Target Support Files/Pods-PhotoUran/Pods-PhotoUran.release.xcconfig"; sourceTree = "<group>"; };
/* End PBXFileReference section */

/* Begin PBXFrameworksBuildPhase section */
		C726A50426E9FF990062D42A /* Frameworks */ = {
			isa = PBXFrameworksBuildPhase;
			buildActionMask = 2147483647;
			files = (
				FF06F7AD4BF616FBBF2C3B78 /* Pods_PhotoUran.framework in Frameworks */,
			);
			runOnlyForDeploymentPostprocessing = 0;
		};
/* End PBXFrameworksBuildPhase section */

/* Begin PBXGroup section */
		1F61EB5AF6B7A96D2C4227D3 /* Pods */ = {
			isa = PBXGroup;
			children = (
				A0537F9E931D868AB359BD94 /* Pods-PhotoUran.debug.xcconfig */,
				D2D08244A28F053101FADA73 /* Pods-PhotoUran.release.xcconfig */,
			);
			path = Pods;
			sourceTree = "<group>";
		};
		4ECD80574EC4EF79A2F084F7 /* Frameworks */ = {
			isa = PBXGroup;
			children = (
				9BAF31DE9BDFFA59088DF88B /* Pods_PhotoUran.framework */,
			);
			name = Frameworks;
			sourceTree = "<group>";
		};
		C726A4FE26E9FF990062D42A = {
			isa = PBXGroup;
			children = (
				C726A50926E9FF990062D42A /* PhotoUran */,
				C726A50826E9FF990062D42A /* Products */,
				1F61EB5AF6B7A96D2C4227D3 /* Pods */,
				4ECD80574EC4EF79A2F084F7 /* Frameworks */,
			);
			sourceTree = "<group>";
		};
		C726A50826E9FF990062D42A /* Products */ = {
			isa = PBXGroup;
			children = (
				C726A50726E9FF990062D42A /* PhotoUran.app */,
			);
			name = Products;
			sourceTree = "<group>";
		};
		C726A50926E9FF990062D42A /* PhotoUran */ = {
			isa = PBXGroup;
			children = (
				C726A50A26E9FF990062D42A /* AppDelegate.swift */,
				C726A50C26E9FF990062D42A /* SceneDelegate.swift */,
				C726A52326EA041E0062D42A /* Settings */,
				C726A52226EA03F90062D42A /* Model */,
				C726A52126EA03CA0062D42A /* View */,
				C726A52026EA01820062D42A /* Controller */,
				C726A51026E9FF990062D42A /* Main.storyboard */,
				C726A51326E9FFA30062D42A /* Assets.xcassets */,
				C726A51526E9FFA30062D42A /* LaunchScreen.storyboard */,
				C726A51826E9FFA30062D42A /* Info.plist */,
			);
			path = PhotoUran;
			sourceTree = "<group>";
		};
		C726A52026EA01820062D42A /* Controller */ = {
			isa = PBXGroup;
			children = (
				C726A50E26E9FF990062D42A /* CollectionViewController.swift */,
				C79BE74426FD9CEB0054257C /* SearchPhotoTableViewController.swift */,
			);
			path = Controller;
			sourceTree = "<group>";
		};
		C726A52126EA03CA0062D42A /* View */ = {
			isa = PBXGroup;
			children = (
				C726A52A26EA06410062D42A /* PhotoCollectionCell.swift */,
				C703FED426EF95D8003F5F98 /* FullPhotoView.swift */,
				C79BE74826FF55560054257C /* SearchPhotoViewCell.swift */,
			);
			path = View;
			sourceTree = "<group>";
		};
		C726A52226EA03F90062D42A /* Model */ = {
			isa = PBXGroup;
			children = (
				C726A52826EA04950062D42A /* Model.swift */,
				C703FEE126FCCDF7003F5F98 /* JSON */,
			);
			path = Model;
			sourceTree = "<group>";
		};
		C726A52326EA041E0062D42A /* Settings */ = {
			isa = PBXGroup;
			children = (
				C726A52426EA04410062D42A /* NetworkService.swift */,
			);
			path = Settings;
			sourceTree = "<group>";
		};
/* End PBXGroup section */

/* Begin PBXNativeTarget section */
		C726A50626E9FF990062D42A /* PhotoUran */ = {
			isa = PBXNativeTarget;
			buildConfigurationList = C726A51B26E9FFA30062D42A /* Build configuration list for PBXNativeTarget "PhotoUran" */;
			buildPhases = (
				E4A8649524C941F24ACE81F5 /* [CP] Check Pods Manifest.lock */,
				C726A50326E9FF990062D42A /* Sources */,
				C726A50426E9FF990062D42A /* Frameworks */,
				C726A50526E9FF990062D42A /* Resources */,
				07753BC45E669CB6C6574246 /* [CP] Embed Pods Frameworks */,
			);
			buildRules = (
			);
			dependencies = (
			);
			name = PhotoUran;
			productName = PhotoUran;
			productReference = C726A50726E9FF990062D42A /* PhotoUran.app */;
			productType = "com.apple.product-type.application";
		};
/* End PBXNativeTarget section */

/* Begin PBXProject section */
		C726A4FF26E9FF990062D42A /* Project object */ = {
			isa = PBXProject;
			attributes = {
				LastSwiftUpdateCheck = 1250;
				LastUpgradeCheck = 1250;
				TargetAttributes = {
					C726A50626E9FF990062D42A = {
						CreatedOnToolsVersion = 12.5.1;
					};
				};
			};
			buildConfigurationList = C726A50226E9FF990062D42A /* Build configuration list for PBXProject "PhotoUran" */;
			compatibilityVersion = "Xcode 9.3";
			developmentRegion = en;
			hasScannedForEncodings = 0;
			knownRegions = (
				en,
				Base,
			);
			mainGroup = C726A4FE26E9FF990062D42A;
			productRefGroup = C726A50826E9FF990062D42A /* Products */;
			projectDirPath = "";
			projectRoot = "";
			targets = (
				C726A50626E9FF990062D42A /* PhotoUran */,
			);
		};
/* End PBXProject section */

/* Begin PBXResourcesBuildPhase section */
		C726A50526E9FF990062D42A /* Resources */ = {
			isa = PBXResourcesBuildPhase;
			buildActionMask = 2147483647;
			files = (
				C726A51726E9FFA30062D42A /* LaunchScreen.storyboard in Resources */,
				C726A51426E9FFA30062D42A /* Assets.xcassets in Resources */,
				C703FEE226FCCDF7003F5F98 /* JSON in Resources */,
				C726A51226E9FF990062D42A /* Main.storyboard in Resources */,
			);
			runOnlyForDeploymentPostprocessing = 0;
		};
/* End PBXResourcesBuildPhase section */

/* Begin PBXShellScriptBuildPhase section */
		07753BC45E669CB6C6574246 /* [CP] Embed Pods Frameworks */ = {
			isa = PBXShellScriptBuildPhase;
			buildActionMask = 2147483647;
			files = (
			);
			inputFileListPaths = (
				"${PODS_ROOT}/Target Support Files/Pods-PhotoUran/Pods-PhotoUran-frameworks-${CONFIGURATION}-input-files.xcfilelist",
			);
			name = "[CP] Embed Pods Frameworks";
			outputFileListPaths = (
				"${PODS_ROOT}/Target Support Files/Pods-PhotoUran/Pods-PhotoUran-frameworks-${CONFIGURATION}-output-files.xcfilelist",
			);
			runOnlyForDeploymentPostprocessing = 0;
			shellPath = /bin/sh;
			shellScript = "\"${PODS_ROOT}/Target Support Files/Pods-PhotoUran/Pods-PhotoUran-frameworks.sh\"\n";
			showEnvVarsInLog = 0;
		};
		E4A8649524C941F24ACE81F5 /* [CP] Check Pods Manifest.lock */ = {
			isa = PBXShellScriptBuildPhase;
			buildActionMask = 2147483647;
			files = (
			);
			inputFileListPaths = (
			);
			inputPaths = (
				"${PODS_PODFILE_DIR_PATH}/Podfile.lock",
				"${PODS_ROOT}/Manifest.lock",
			);
			name = "[CP] Check Pods Manifest.lock";
			outputFileListPaths = (
			);
			outputPaths = (
				"$(DERIVED_FILE_DIR)/Pods-PhotoUran-checkManifestLockResult.txt",
			);
			runOnlyForDeploymentPostprocessing = 0;
			shellPath = /bin/sh;
			shellScript = "diff \"${PODS_PODFILE_DIR_PATH}/Podfile.lock\" \"${PODS_ROOT}/Manifest.lock\" > /dev/null\nif [ $? != 0 ] ; then\n    # print error to STDERR\n    echo \"error: The sandbox is not in sync with the Podfile.lock. Run 'pod install' or update your CocoaPods installation.\" >&2\n    exit 1\nfi\n# This output is used by Xcode 'outputs' to avoid re-running this script phase.\necho \"SUCCESS\" > \"${SCRIPT_OUTPUT_FILE_0}\"\n";
			showEnvVarsInLog = 0;
		};
/* End PBXShellScriptBuildPhase section */

/* Begin PBXSourcesBuildPhase section */
		C726A50326E9FF990062D42A /* Sources */ = {
			isa = PBXSourcesBuildPhase;
			buildActionMask = 2147483647;
			files = (
				C726A52926EA04950062D42A /* Model.swift in Sources */,
				C726A52526EA04410062D42A /* NetworkService.swift in Sources */,
				C726A50F26E9FF990062D42A /* CollectionViewController.swift in Sources */,
				C726A52B26EA06410062D42A /* PhotoCollectionCell.swift in Sources */,
				C726A50B26E9FF990062D42A /* AppDelegate.swift in Sources */,
				C703FED526EF95D8003F5F98 /* FullPhotoView.swift in Sources */,
				C79BE74526FD9CEB0054257C /* SearchPhotoTableViewController.swift in Sources */,
				C726A50D26E9FF990062D42A /* SceneDelegate.swift in Sources */,
				C79BE74926FF55560054257C /* SearchPhotoViewCell.swift in Sources */,
			);
			runOnlyForDeploymentPostprocessing = 0;
		};
/* End PBXSourcesBuildPhase section */

/* Begin PBXVariantGroup section */
		C726A51026E9FF990062D42A /* Main.storyboard */ = {
			isa = PBXVariantGroup;
			children = (
				C726A51126E9FF990062D42A /* Base */,
			);
			name = Main.storyboard;
			sourceTree = "<group>";
		};
		C726A51526E9FFA30062D42A /* LaunchScreen.storyboard */ = {
			isa = PBXVariantGroup;
			children = (
				C726A51626E9FFA30062D42A /* Base */,
			);
			name = LaunchScreen.storyboard;
			sourceTree = "<group>";
		};
/* End PBXVariantGroup section */

/* Begin XCBuildConfiguration section */
		C726A51926E9FFA30062D42A /* Debug */ = {
			isa = XCBuildConfiguration;
			buildSettings = {
				ALWAYS_SEARCH_USER_PATHS = NO;
				CLANG_ANALYZER_NONNULL = YES;
				CLANG_ANALYZER_NUMBER_OBJECT_CONVERSION = YES_AGGRESSIVE;
				CLANG_CXX_LANGUAGE_STANDARD = "gnu++14";
				CLANG_CXX_LIBRARY = "libc++";
				CLANG_ENABLE_MODULES = YES;
				CLANG_ENABLE_OBJC_ARC = YES;
				CLANG_ENABLE_OBJC_WEAK = YES;
				CLANG_WARN_BLOCK_CAPTURE_AUTORELEASING = YES;
				CLANG_WARN_BOOL_CONVERSION = YES;
				CLANG_WARN_COMMA = YES;
				CLANG_WARN_CONSTANT_CONVERSION = YES;
				CLANG_WARN_DEPRECATED_OBJC_IMPLEMENTATIONS = YES;
				CLANG_WARN_DIRECT_OBJC_ISA_USAGE = YES_ERROR;
				CLANG_WARN_DOCUMENTATION_COMMENTS = YES;
				CLANG_WARN_EMPTY_BODY = YES;
				CLANG_WARN_ENUM_CONVERSION = YES;
				CLANG_WARN_INFINITE_RECURSION = YES;
				CLANG_WARN_INT_CONVERSION = YES;
				CLANG_WARN_NON_LITERAL_NULL_CONVERSION = YES;
				CLANG_WARN_OBJC_IMPLICIT_RETAIN_SELF = YES;
				CLANG_WARN_OBJC_LITERAL_CONVERSION = YES;
				CLANG_WARN_OBJC_ROOT_CLASS = YES_ERROR;
				CLANG_WARN_QUOTED_INCLUDE_IN_FRAMEWORK_HEADER = YES;
				CLANG_WARN_RANGE_LOOP_ANALYSIS = YES;
				CLANG_WARN_STRICT_PROTOTYPES = YES;
				CLANG_WARN_SUSPICIOUS_MOVE = YES;
				CLANG_WARN_UNGUARDED_AVAILABILITY = YES_AGGRESSIVE;
				CLANG_WARN_UNREACHABLE_CODE = YES;
				CLANG_WARN__DUPLICATE_METHOD_MATCH = YES;
				COPY_PHASE_STRIP = NO;
				DEBUG_INFORMATION_FORMAT = dwarf;
				ENABLE_STRICT_OBJC_MSGSEND = YES;
				ENABLE_TESTABILITY = YES;
				GCC_C_LANGUAGE_STANDARD = gnu11;
				GCC_DYNAMIC_NO_PIC = NO;
				GCC_NO_COMMON_BLOCKS = YES;
				GCC_OPTIMIZATION_LEVEL = 0;
				GCC_PREPROCESSOR_DEFINITIONS = (
					"DEBUG=1",
					"$(inherited)",
				);
				GCC_WARN_64_TO_32_BIT_CONVERSION = YES;
				GCC_WARN_ABOUT_RETURN_TYPE = YES_ERROR;
				GCC_WARN_UNDECLARED_SELECTOR = YES;
				GCC_WARN_UNINITIALIZED_AUTOS = YES_AGGRESSIVE;
				GCC_WARN_UNUSED_FUNCTION = YES;
				GCC_WARN_UNUSED_VARIABLE = YES;
				IPHONEOS_DEPLOYMENT_TARGET = 14.5;
				MTL_ENABLE_DEBUG_INFO = INCLUDE_SOURCE;
				MTL_FAST_MATH = YES;
				ONLY_ACTIVE_ARCH = YES;
				SDKROOT = iphoneos;
				SWIFT_ACTIVE_COMPILATION_CONDITIONS = DEBUG;
				SWIFT_OPTIMIZATION_LEVEL = "-Onone";
			};
			name = Debug;
		};
		C726A51A26E9FFA30062D42A /* Release */ = {
			isa = XCBuildConfiguration;
			buildSettings = {
				ALWAYS_SEARCH_USER_PATHS = NO;
				CLANG_ANALYZER_NONNULL = YES;
				CLANG_ANALYZER_NUMBER_OBJECT_CONVERSION = YES_AGGRESSIVE;
				CLANG_CXX_LANGUAGE_STANDARD = "gnu++14";
				CLANG_CXX_LIBRARY = "libc++";
				CLANG_ENABLE_MODULES = YES;
				CLANG_ENABLE_OBJC_ARC = YES;
				CLANG_ENABLE_OBJC_WEAK = YES;
				CLANG_WARN_BLOCK_CAPTURE_AUTORELEASING = YES;
				CLANG_WARN_BOOL_CONVERSION = YES;
				CLANG_WARN_COMMA = YES;
				CLANG_WARN_CONSTANT_CONVERSION = YES;
				CLANG_WARN_DEPRECATED_OBJC_IMPLEMENTATIONS = YES;
				CLANG_WARN_DIRECT_OBJC_ISA_USAGE = YES_ERROR;
				CLANG_WARN_DOCUMENTATION_COMMENTS = YES;
				CLANG_WARN_EMPTY_BODY = YES;
				CLANG_WARN_ENUM_CONVERSION = YES;
				CLANG_WARN_INFINITE_RECURSION = YES;
				CLANG_WARN_INT_CONVERSION = YES;
				CLANG_WARN_NON_LITERAL_NULL_CONVERSION = YES;
				CLANG_WARN_OBJC_IMPLICIT_RETAIN_SELF = YES;
				CLANG_WARN_OBJC_LITERAL_CONVERSION = YES;
				CLANG_WARN_OBJC_ROOT_CLASS = YES_ERROR;
				CLANG_WARN_QUOTED_INCLUDE_IN_FRAMEWORK_HEADER = YES;
				CLANG_WARN_RANGE_LOOP_ANALYSIS = YES;
				CLANG_WARN_STRICT_PROTOTYPES = YES;
				CLANG_WARN_SUSPICIOUS_MOVE = YES;
				CLANG_WARN_UNGUARDED_AVAILABILITY = YES_AGGRESSIVE;
				CLANG_WARN_UNREACHABLE_CODE = YES;
				CLANG_WARN__DUPLICATE_METHOD_MATCH = YES;
				COPY_PHASE_STRIP = NO;
				DEBUG_INFORMATION_FORMAT = "dwarf-with-dsym";
				ENABLE_NS_ASSERTIONS = NO;
				ENABLE_STRICT_OBJC_MSGSEND = YES;
				GCC_C_LANGUAGE_STANDARD = gnu11;
				GCC_NO_COMMON_BLOCKS = YES;
				GCC_WARN_64_TO_32_BIT_CONVERSION = YES;
				GCC_WARN_ABOUT_RETURN_TYPE = YES_ERROR;
				GCC_WARN_UNDECLARED_SELECTOR = YES;
				GCC_WARN_UNINITIALIZED_AUTOS = YES_AGGRESSIVE;
				GCC_WARN_UNUSED_FUNCTION = YES;
				GCC_WARN_UNUSED_VARIABLE = YES;
				IPHONEOS_DEPLOYMENT_TARGET = 14.5;
				MTL_ENABLE_DEBUG_INFO = NO;
				MTL_FAST_MATH = YES;
				SDKROOT = iphoneos;
				SWIFT_COMPILATION_MODE = wholemodule;
				SWIFT_OPTIMIZATION_LEVEL = "-O";
				VALIDATE_PRODUCT = YES;
			};
			name = Release;
		};
		C726A51C26E9FFA30062D42A /* Debug */ = {
			isa = XCBuildConfiguration;
			baseConfigurationReference = A0537F9E931D868AB359BD94 /* Pods-PhotoUran.debug.xcconfig */;
			buildSettings = {
				ASSETCATALOG_COMPILER_APPICON_NAME = AppIcon;
				ASSETCATALOG_COMPILER_GLOBAL_ACCENT_COLOR_NAME = AccentColor;
				CODE_SIGN_STYLE = Automatic;
				DEVELOPMENT_TEAM = RF567GTML6;
				INFOPLIST_FILE = PhotoUran/Info.plist;
				LD_RUNPATH_SEARCH_PATHS = (
					"$(inherited)",
					"@executable_path/Frameworks",
				);
				PRODUCT_BUNDLE_IDENTIFIER = avkylikov.PhotoUran;
				PRODUCT_NAME = "$(TARGET_NAME)";
				SWIFT_VERSION = 5.0;
				TARGETED_DEVICE_FAMILY = "1,2";
			};
			name = Debug;
		};
		C726A51D26E9FFA30062D42A /* Release */ = {
			isa = XCBuildConfiguration;
			baseConfigurationReference = D2D08244A28F053101FADA73 /* Pods-PhotoUran.release.xcconfig */;
			buildSettings = {
				ASSETCATALOG_COMPILER_APPICON_NAME = AppIcon;
				ASSETCATALOG_COMPILER_GLOBAL_ACCENT_COLOR_NAME = AccentColor;
				CODE_SIGN_STYLE = Automatic;
				DEVELOPMENT_TEAM = RF567GTML6;
				INFOPLIST_FILE = PhotoUran/Info.plist;
				LD_RUNPATH_SEARCH_PATHS = (
					"$(inherited)",
					"@executable_path/Frameworks",
				);
				PRODUCT_BUNDLE_IDENTIFIER = avkylikov.PhotoUran;
				PRODUCT_NAME = "$(TARGET_NAME)";
				SWIFT_VERSION = 5.0;
				TARGETED_DEVICE_FAMILY = "1,2";
			};
			name = Release;
		};
/* End XCBuildConfiguration section */

/* Begin XCConfigurationList section */
		C726A50226E9FF990062D42A /* Build configuration list for PBXProject "PhotoUran" */ = {
			isa = XCConfigurationList;
			buildConfigurations = (
				C726A51926E9FFA30062D42A /* Debug */,
				C726A51A26E9FFA30062D42A /* Release */,
			);
			defaultConfigurationIsVisible = 0;
			defaultConfigurationName = Release;
		};
		C726A51B26E9FFA30062D42A /* Build configuration list for PBXNativeTarget "PhotoUran" */ = {
			isa = XCConfigurationList;
			buildConfigurations = (
				C726A51C26E9FFA30062D42A /* Debug */,
				C726A51D26E9FFA30062D42A /* Release */,
			);
			defaultConfigurationIsVisible = 0;
			defaultConfigurationName = Release;
		};
/* End XCConfigurationList section */
	};
	rootObject = C726A4FF26E9FF990062D42A /* Project object */;
}
